// !$*UTF8*$!
{
	archiveVersion = 1;
	classes = {
	};
	objectVersion = 50;
	objects = {

/* Begin PBXBuildFile section */
		23BBBBBB21EDB9AB00B64B7B /* AppDelegate.swift in Sources */ = {isa = PBXBuildFile; fileRef = 23BBBBBA21EDB9AB00B64B7B /* AppDelegate.swift */; };
		23BBBBC021EDB9AB00B64B7B /* Main.storyboard in Resources */ = {isa = PBXBuildFile; fileRef = 23BBBBBE21EDB9AB00B64B7B /* Main.storyboard */; };
		23BBBBC221EDB9AD00B64B7B /* Assets.xcassets in Resources */ = {isa = PBXBuildFile; fileRef = 23BBBBC121EDB9AD00B64B7B /* Assets.xcassets */; };
		23BBBBC521EDB9AD00B64B7B /* LaunchScreen.storyboard in Resources */ = {isa = PBXBuildFile; fileRef = 23BBBBC321EDB9AD00B64B7B /* LaunchScreen.storyboard */; };
		23BBBBD021EDB9AD00B64B7B /* MiseTests.swift in Sources */ = {isa = PBXBuildFile; fileRef = 23BBBBCF21EDB9AD00B64B7B /* MiseTests.swift */; };
		23BBBBDB21EDB9AD00B64B7B /* MiseUITests.swift in Sources */ = {isa = PBXBuildFile; fileRef = 23BBBBDA21EDB9AD00B64B7B /* MiseUITests.swift */; };
		23BBBBE921EDBB8C00B64B7B /* CustomAPI.swift in Sources */ = {isa = PBXBuildFile; fileRef = 23BBBBE821EDBB8C00B64B7B /* CustomAPI.swift */; };
		23BBBBEB21EDBEA600B64B7B /* WeatherData.swift in Sources */ = {isa = PBXBuildFile; fileRef = 23BBBBEA21EDBEA600B64B7B /* WeatherData.swift */; };
		23BBBBED21EDC0A700B64B7B /* MainViewController.swift in Sources */ = {isa = PBXBuildFile; fileRef = 23BBBBEC21EDC0A700B64B7B /* MainViewController.swift */; };
		23BBBBEF21EDD08100B64B7B /* UIView_extension.swift in Sources */ = {isa = PBXBuildFile; fileRef = 23BBBBEE21EDD08100B64B7B /* UIView_extension.swift */; };
		23BBBBF121EDDE0F00B64B7B /* LeftPaddedTextField.swift in Sources */ = {isa = PBXBuildFile; fileRef = 23BBBBF021EDDE0F00B64B7B /* LeftPaddedTextField.swift */; };
		23BBBBF321EDDE1900B64B7B /* BaseVerticalScrollView.swift in Sources */ = {isa = PBXBuildFile; fileRef = 23BBBBF221EDDE1900B64B7B /* BaseVerticalScrollView.swift */; };
		23BBBBF521EDE04200B64B7B /* InfoView.swift in Sources */ = {isa = PBXBuildFile; fileRef = 23BBBBF421EDE04200B64B7B /* InfoView.swift */; };
		26A03B8D65FFF5BB03691098 /* Pods_Mise.framework in Frameworks */ = {isa = PBXBuildFile; fileRef = 7AFDD39391D9CD3C5198F341 /* Pods_Mise.framework */; };
		5C19A0B78DAEA3B6EBA2508A /* Pods_MiseUITests.framework in Frameworks */ = {isa = PBXBuildFile; fileRef = E56F0E92F0506EF398BDA262 /* Pods_MiseUITests.framework */; };
		758CCDB121EE0366000539D7 /* GoogleService-Info.plist in Resources */ = {isa = PBXBuildFile; fileRef = 758CCDB021EE0366000539D7 /* GoogleService-Info.plist */; };
		B39534071C2EE54C69ACED18 /* Pods_MiseTests.framework in Frameworks */ = {isa = PBXBuildFile; fileRef = D6ED8677847C1862C042F5E0 /* Pods_MiseTests.framework */; };
/* End PBXBuildFile section */

/* Begin PBXContainerItemProxy section */
		23BBBBCC21EDB9AD00B64B7B /* PBXContainerItemProxy */ = {
			isa = PBXContainerItemProxy;
			containerPortal = 23BBBBAF21EDB9AB00B64B7B /* Project object */;
			proxyType = 1;
			remoteGlobalIDString = 23BBBBB621EDB9AB00B64B7B;
			remoteInfo = Mise;
		};
		23BBBBD721EDB9AD00B64B7B /* PBXContainerItemProxy */ = {
			isa = PBXContainerItemProxy;
			containerPortal = 23BBBBAF21EDB9AB00B64B7B /* Project object */;
			proxyType = 1;
			remoteGlobalIDString = 23BBBBB621EDB9AB00B64B7B;
			remoteInfo = Mise;
		};
/* End PBXContainerItemProxy section */

/* Begin PBXFileReference section */
		23BBBBB721EDB9AB00B64B7B /* Mise.app */ = {isa = PBXFileReference; explicitFileType = wrapper.application; includeInIndex = 0; path = Mise.app; sourceTree = BUILT_PRODUCTS_DIR; };
		23BBBBBA21EDB9AB00B64B7B /* AppDelegate.swift */ = {isa = PBXFileReference; lastKnownFileType = sourcecode.swift; path = AppDelegate.swift; sourceTree = "<group>"; };
		23BBBBBF21EDB9AB00B64B7B /* Base */ = {isa = PBXFileReference; lastKnownFileType = file.storyboard; name = Base; path = Base.lproj/Main.storyboard; sourceTree = "<group>"; };
		23BBBBC121EDB9AD00B64B7B /* Assets.xcassets */ = {isa = PBXFileReference; lastKnownFileType = folder.assetcatalog; path = Assets.xcassets; sourceTree = "<group>"; };
		23BBBBC421EDB9AD00B64B7B /* Base */ = {isa = PBXFileReference; lastKnownFileType = file.storyboard; name = Base; path = Base.lproj/LaunchScreen.storyboard; sourceTree = "<group>"; };
		23BBBBC621EDB9AD00B64B7B /* Info.plist */ = {isa = PBXFileReference; lastKnownFileType = text.plist.xml; path = Info.plist; sourceTree = "<group>"; };
		23BBBBCB21EDB9AD00B64B7B /* MiseTests.xctest */ = {isa = PBXFileReference; explicitFileType = wrapper.cfbundle; includeInIndex = 0; path = MiseTests.xctest; sourceTree = BUILT_PRODUCTS_DIR; };
		23BBBBCF21EDB9AD00B64B7B /* MiseTests.swift */ = {isa = PBXFileReference; lastKnownFileType = sourcecode.swift; path = MiseTests.swift; sourceTree = "<group>"; };
		23BBBBD121EDB9AD00B64B7B /* Info.plist */ = {isa = PBXFileReference; lastKnownFileType = text.plist.xml; path = Info.plist; sourceTree = "<group>"; };
		23BBBBD621EDB9AD00B64B7B /* MiseUITests.xctest */ = {isa = PBXFileReference; explicitFileType = wrapper.cfbundle; includeInIndex = 0; path = MiseUITests.xctest; sourceTree = BUILT_PRODUCTS_DIR; };
		23BBBBDA21EDB9AD00B64B7B /* MiseUITests.swift */ = {isa = PBXFileReference; lastKnownFileType = sourcecode.swift; path = MiseUITests.swift; sourceTree = "<group>"; };
		23BBBBDC21EDB9AD00B64B7B /* Info.plist */ = {isa = PBXFileReference; lastKnownFileType = text.plist.xml; path = Info.plist; sourceTree = "<group>"; };
		23BBBBE821EDBB8C00B64B7B /* CustomAPI.swift */ = {isa = PBXFileReference; lastKnownFileType = sourcecode.swift; path = CustomAPI.swift; sourceTree = "<group>"; };
		23BBBBEA21EDBEA600B64B7B /* WeatherData.swift */ = {isa = PBXFileReference; lastKnownFileType = sourcecode.swift; path = WeatherData.swift; sourceTree = "<group>"; };
		23BBBBEC21EDC0A700B64B7B /* MainViewController.swift */ = {isa = PBXFileReference; lastKnownFileType = sourcecode.swift; path = MainViewController.swift; sourceTree = "<group>"; };
		23BBBBEE21EDD08100B64B7B /* UIView_extension.swift */ = {isa = PBXFileReference; fileEncoding = 4; lastKnownFileType = sourcecode.swift; path = UIView_extension.swift; sourceTree = "<group>"; };
		23BBBBF021EDDE0F00B64B7B /* LeftPaddedTextField.swift */ = {isa = PBXFileReference; fileEncoding = 4; lastKnownFileType = sourcecode.swift; path = LeftPaddedTextField.swift; sourceTree = "<group>"; };
		23BBBBF221EDDE1900B64B7B /* BaseVerticalScrollView.swift */ = {isa = PBXFileReference; fileEncoding = 4; lastKnownFileType = sourcecode.swift; path = BaseVerticalScrollView.swift; sourceTree = "<group>"; };
		23BBBBF421EDE04200B64B7B /* InfoView.swift */ = {isa = PBXFileReference; lastKnownFileType = sourcecode.swift; path = InfoView.swift; sourceTree = "<group>"; };
		4AD90BF4664FDA9F25F99389 /* Pods-MiseUITests.debug.xcconfig */ = {isa = PBXFileReference; includeInIndex = 1; lastKnownFileType = text.xcconfig; name = "Pods-MiseUITests.debug.xcconfig"; path = "Target Support Files/Pods-MiseUITests/Pods-MiseUITests.debug.xcconfig"; sourceTree = "<group>"; };
		6C318A6B8E7574D96F46F7A5 /* Pods-Mise.debug.xcconfig */ = {isa = PBXFileReference; includeInIndex = 1; lastKnownFileType = text.xcconfig; name = "Pods-Mise.debug.xcconfig"; path = "Target Support Files/Pods-Mise/Pods-Mise.debug.xcconfig"; sourceTree = "<group>"; };
		6EA4EFA21B32D62ABDFF72FC /* Pods-MiseUITests.release.xcconfig */ = {isa = PBXFileReference; includeInIndex = 1; lastKnownFileType = text.xcconfig; name = "Pods-MiseUITests.release.xcconfig"; path = "Target Support Files/Pods-MiseUITests/Pods-MiseUITests.release.xcconfig"; sourceTree = "<group>"; };
		758CCDB021EE0366000539D7 /* GoogleService-Info.plist */ = {isa = PBXFileReference; fileEncoding = 4; lastKnownFileType = text.plist.xml; path = "GoogleService-Info.plist"; sourceTree = "<group>"; };
		7AFDD39391D9CD3C5198F341 /* Pods_Mise.framework */ = {isa = PBXFileReference; explicitFileType = wrapper.framework; includeInIndex = 0; path = Pods_Mise.framework; sourceTree = BUILT_PRODUCTS_DIR; };
		97BDFADC6167248C32173D50 /* Pods-Mise.release.xcconfig */ = {isa = PBXFileReference; includeInIndex = 1; lastKnownFileType = text.xcconfig; name = "Pods-Mise.release.xcconfig"; path = "Target Support Files/Pods-Mise/Pods-Mise.release.xcconfig"; sourceTree = "<group>"; };
		9F411BB940480B6F476CE0C8 /* Pods-MiseTests.release.xcconfig */ = {isa = PBXFileReference; includeInIndex = 1; lastKnownFileType = text.xcconfig; name = "Pods-MiseTests.release.xcconfig"; path = "Target Support Files/Pods-MiseTests/Pods-MiseTests.release.xcconfig"; sourceTree = "<group>"; };
		C10FE8B7CE617772A35CCFEA /* Pods-MiseTests.debug.xcconfig */ = {isa = PBXFileReference; includeInIndex = 1; lastKnownFileType = text.xcconfig; name = "Pods-MiseTests.debug.xcconfig"; path = "Target Support Files/Pods-MiseTests/Pods-MiseTests.debug.xcconfig"; sourceTree = "<group>"; };
		D6ED8677847C1862C042F5E0 /* Pods_MiseTests.framework */ = {isa = PBXFileReference; explicitFileType = wrapper.framework; includeInIndex = 0; path = Pods_MiseTests.framework; sourceTree = BUILT_PRODUCTS_DIR; };
		E56F0E92F0506EF398BDA262 /* Pods_MiseUITests.framework */ = {isa = PBXFileReference; explicitFileType = wrapper.framework; includeInIndex = 0; path = Pods_MiseUITests.framework; sourceTree = BUILT_PRODUCTS_DIR; };
/* End PBXFileReference section */

/* Begin PBXFrameworksBuildPhase section */
		23BBBBB421EDB9AB00B64B7B /* Frameworks */ = {
			isa = PBXFrameworksBuildPhase;
			buildActionMask = 2147483647;
			files = (
				26A03B8D65FFF5BB03691098 /* Pods_Mise.framework in Frameworks */,
			);
			runOnlyForDeploymentPostprocessing = 0;
		};
		23BBBBC821EDB9AD00B64B7B /* Frameworks */ = {
			isa = PBXFrameworksBuildPhase;
			buildActionMask = 2147483647;
			files = (
				B39534071C2EE54C69ACED18 /* Pods_MiseTests.framework in Frameworks */,
			);
			runOnlyForDeploymentPostprocessing = 0;
		};
		23BBBBD321EDB9AD00B64B7B /* Frameworks */ = {
			isa = PBXFrameworksBuildPhase;
			buildActionMask = 2147483647;
			files = (
				5C19A0B78DAEA3B6EBA2508A /* Pods_MiseUITests.framework in Frameworks */,
			);
			runOnlyForDeploymentPostprocessing = 0;
		};
/* End PBXFrameworksBuildPhase section */

/* Begin PBXGroup section */
		1C2A52064AD5D4926CBACA29 /* Frameworks */ = {
			isa = PBXGroup;
			children = (
				7AFDD39391D9CD3C5198F341 /* Pods_Mise.framework */,
				D6ED8677847C1862C042F5E0 /* Pods_MiseTests.framework */,
				E56F0E92F0506EF398BDA262 /* Pods_MiseUITests.framework */,
			);
			name = Frameworks;
			sourceTree = "<group>";
		};
		23BBBBAE21EDB9AB00B64B7B = {
			isa = PBXGroup;
			children = (
				23BBBBB921EDB9AB00B64B7B /* Mise */,
				23BBBBCE21EDB9AD00B64B7B /* MiseTests */,
				23BBBBD921EDB9AD00B64B7B /* MiseUITests */,
				23BBBBB821EDB9AB00B64B7B /* Products */,
				F59628B7E7F09EC03B6A72AF /* Pods */,
				1C2A52064AD5D4926CBACA29 /* Frameworks */,
			);
			sourceTree = "<group>";
		};
		23BBBBB821EDB9AB00B64B7B /* Products */ = {
			isa = PBXGroup;
			children = (
				23BBBBB721EDB9AB00B64B7B /* Mise.app */,
				23BBBBCB21EDB9AD00B64B7B /* MiseTests.xctest */,
				23BBBBD621EDB9AD00B64B7B /* MiseUITests.xctest */,
			);
			name = Products;
			sourceTree = "<group>";
		};
		23BBBBB921EDB9AB00B64B7B /* Mise */ = {
			isa = PBXGroup;
			children = (
				758CCDB021EE0366000539D7 /* GoogleService-Info.plist */,
				23BBBBBA21EDB9AB00B64B7B /* AppDelegate.swift */,
				23BBBBEC21EDC0A700B64B7B /* MainViewController.swift */,
				23BBBBF421EDE04200B64B7B /* InfoView.swift */,
				23BBBBF221EDDE1900B64B7B /* BaseVerticalScrollView.swift */,
				23BBBBF021EDDE0F00B64B7B /* LeftPaddedTextField.swift */,
				23BBBBEA21EDBEA600B64B7B /* WeatherData.swift */,
				23BBBBEE21EDD08100B64B7B /* UIView_extension.swift */,
				23BBBBE821EDBB8C00B64B7B /* CustomAPI.swift */,
				23BBBBBE21EDB9AB00B64B7B /* Main.storyboard */,
				23BBBBC121EDB9AD00B64B7B /* Assets.xcassets */,
				23BBBBC321EDB9AD00B64B7B /* LaunchScreen.storyboard */,
				23BBBBC621EDB9AD00B64B7B /* Info.plist */,
			);
			path = Mise;
			sourceTree = "<group>";
		};
		23BBBBCE21EDB9AD00B64B7B /* MiseTests */ = {
			isa = PBXGroup;
			children = (
				23BBBBCF21EDB9AD00B64B7B /* MiseTests.swift */,
				23BBBBD121EDB9AD00B64B7B /* Info.plist */,
			);
			path = MiseTests;
			sourceTree = "<group>";
		};
		23BBBBD921EDB9AD00B64B7B /* MiseUITests */ = {
			isa = PBXGroup;
			children = (
				23BBBBDA21EDB9AD00B64B7B /* MiseUITests.swift */,
				23BBBBDC21EDB9AD00B64B7B /* Info.plist */,
			);
			path = MiseUITests;
			sourceTree = "<group>";
		};
		F59628B7E7F09EC03B6A72AF /* Pods */ = {
			isa = PBXGroup;
			children = (
				6C318A6B8E7574D96F46F7A5 /* Pods-Mise.debug.xcconfig */,
				97BDFADC6167248C32173D50 /* Pods-Mise.release.xcconfig */,
				C10FE8B7CE617772A35CCFEA /* Pods-MiseTests.debug.xcconfig */,
				9F411BB940480B6F476CE0C8 /* Pods-MiseTests.release.xcconfig */,
				4AD90BF4664FDA9F25F99389 /* Pods-MiseUITests.debug.xcconfig */,
				6EA4EFA21B32D62ABDFF72FC /* Pods-MiseUITests.release.xcconfig */,
			);
			path = Pods;
			sourceTree = "<group>";
		};
/* End PBXGroup section */

/* Begin PBXNativeTarget section */
		23BBBBB621EDB9AB00B64B7B /* Mise */ = {
			isa = PBXNativeTarget;
			buildConfigurationList = 23BBBBDF21EDB9AD00B64B7B /* Build configuration list for PBXNativeTarget "Mise" */;
			buildPhases = (
				8317F4BE14B290D17E346AFB /* [CP] Check Pods Manifest.lock */,
				23BBBBB321EDB9AB00B64B7B /* Sources */,
				23BBBBB421EDB9AB00B64B7B /* Frameworks */,
				23BBBBB521EDB9AB00B64B7B /* Resources */,
				B3E566D778BB0BF1C905172F /* [CP] Embed Pods Frameworks */,
			);
			buildRules = (
			);
			dependencies = (
			);
			name = Mise;
			productName = Mise;
			productReference = 23BBBBB721EDB9AB00B64B7B /* Mise.app */;
			productType = "com.apple.product-type.application";
		};
		23BBBBCA21EDB9AD00B64B7B /* MiseTests */ = {
			isa = PBXNativeTarget;
			buildConfigurationList = 23BBBBE221EDB9AD00B64B7B /* Build configuration list for PBXNativeTarget "MiseTests" */;
			buildPhases = (
				FBFA721791B3B346D8239956 /* [CP] Check Pods Manifest.lock */,
				23BBBBC721EDB9AD00B64B7B /* Sources */,
				23BBBBC821EDB9AD00B64B7B /* Frameworks */,
				23BBBBC921EDB9AD00B64B7B /* Resources */,
			);
			buildRules = (
			);
			dependencies = (
				23BBBBCD21EDB9AD00B64B7B /* PBXTargetDependency */,
			);
			name = MiseTests;
			productName = MiseTests;
			productReference = 23BBBBCB21EDB9AD00B64B7B /* MiseTests.xctest */;
			productType = "com.apple.product-type.bundle.unit-test";
		};
		23BBBBD521EDB9AD00B64B7B /* MiseUITests */ = {
			isa = PBXNativeTarget;
			buildConfigurationList = 23BBBBE521EDB9AD00B64B7B /* Build configuration list for PBXNativeTarget "MiseUITests" */;
			buildPhases = (
				991D8CCFF932A8FC57F789D6 /* [CP] Check Pods Manifest.lock */,
				23BBBBD221EDB9AD00B64B7B /* Sources */,
				23BBBBD321EDB9AD00B64B7B /* Frameworks */,
				23BBBBD421EDB9AD00B64B7B /* Resources */,
			);
			buildRules = (
			);
			dependencies = (
				23BBBBD821EDB9AD00B64B7B /* PBXTargetDependency */,
			);
			name = MiseUITests;
			productName = MiseUITests;
			productReference = 23BBBBD621EDB9AD00B64B7B /* MiseUITests.xctest */;
			productType = "com.apple.product-type.bundle.ui-testing";
		};
/* End PBXNativeTarget section */

/* Begin PBXProject section */
		23BBBBAF21EDB9AB00B64B7B /* Project object */ = {
			isa = PBXProject;
			attributes = {
				LastSwiftUpdateCheck = 1010;
				LastUpgradeCheck = 1010;
				ORGANIZATIONNAME = "Seongchan Kang";
				TargetAttributes = {
					23BBBBB621EDB9AB00B64B7B = {
						CreatedOnToolsVersion = 10.1;
					};
					23BBBBCA21EDB9AD00B64B7B = {
						CreatedOnToolsVersion = 10.1;
						TestTargetID = 23BBBBB621EDB9AB00B64B7B;
					};
					23BBBBD521EDB9AD00B64B7B = {
						CreatedOnToolsVersion = 10.1;
						TestTargetID = 23BBBBB621EDB9AB00B64B7B;
					};
				};
			};
			buildConfigurationList = 23BBBBB221EDB9AB00B64B7B /* Build configuration list for PBXProject "Mise" */;
			compatibilityVersion = "Xcode 9.3";
			developmentRegion = en;
			hasScannedForEncodings = 0;
			knownRegions = (
				en,
				Base,
			);
			mainGroup = 23BBBBAE21EDB9AB00B64B7B;
			productRefGroup = 23BBBBB821EDB9AB00B64B7B /* Products */;
			projectDirPath = "";
			projectRoot = "";
			targets = (
				23BBBBB621EDB9AB00B64B7B /* Mise */,
				23BBBBCA21EDB9AD00B64B7B /* MiseTests */,
				23BBBBD521EDB9AD00B64B7B /* MiseUITests */,
			);
		};
/* End PBXProject section */

/* Begin PBXResourcesBuildPhase section */
		23BBBBB521EDB9AB00B64B7B /* Resources */ = {
			isa = PBXResourcesBuildPhase;
			buildActionMask = 2147483647;
			files = (
				23BBBBC521EDB9AD00B64B7B /* LaunchScreen.storyboard in Resources */,
				758CCDB121EE0366000539D7 /* GoogleService-Info.plist in Resources */,
				23BBBBC221EDB9AD00B64B7B /* Assets.xcassets in Resources */,
				23BBBBC021EDB9AB00B64B7B /* Main.storyboard in Resources */,
			);
			runOnlyForDeploymentPostprocessing = 0;
		};
		23BBBBC921EDB9AD00B64B7B /* Resources */ = {
			isa = PBXResourcesBuildPhase;
			buildActionMask = 2147483647;
			files = (
			);
			runOnlyForDeploymentPostprocessing = 0;
		};
		23BBBBD421EDB9AD00B64B7B /* Resources */ = {
			isa = PBXResourcesBuildPhase;
			buildActionMask = 2147483647;
			files = (
			);
			runOnlyForDeploymentPostprocessing = 0;
		};
/* End PBXResourcesBuildPhase section */

/* Begin PBXShellScriptBuildPhase section */
		8317F4BE14B290D17E346AFB /* [CP] Check Pods Manifest.lock */ = {
			isa = PBXShellScriptBuildPhase;
			buildActionMask = 2147483647;
			files = (
			);
			inputPaths = (
				"${PODS_PODFILE_DIR_PATH}/Podfile.lock",
				"${PODS_ROOT}/Manifest.lock",
			);
			name = "[CP] Check Pods Manifest.lock";
			outputPaths = (
				"$(DERIVED_FILE_DIR)/Pods-Mise-checkManifestLockResult.txt",
			);
			runOnlyForDeploymentPostprocessing = 0;
			shellPath = /bin/sh;
			shellScript = "diff \"${PODS_PODFILE_DIR_PATH}/Podfile.lock\" \"${PODS_ROOT}/Manifest.lock\" > /dev/null\nif [ $? != 0 ] ; then\n    # print error to STDERR\n    echo \"error: The sandbox is not in sync with the Podfile.lock. Run 'pod install' or update your CocoaPods installation.\" >&2\n    exit 1\nfi\n# This output is used by Xcode 'outputs' to avoid re-running this script phase.\necho \"SUCCESS\" > \"${SCRIPT_OUTPUT_FILE_0}\"\n";
			showEnvVarsInLog = 0;
		};
		991D8CCFF932A8FC57F789D6 /* [CP] Check Pods Manifest.lock */ = {
			isa = PBXShellScriptBuildPhase;
			buildActionMask = 2147483647;
			files = (
			);
			inputPaths = (
				"${PODS_PODFILE_DIR_PATH}/Podfile.lock",
				"${PODS_ROOT}/Manifest.lock",
			);
			name = "[CP] Check Pods Manifest.lock";
			outputPaths = (
				"$(DERIVED_FILE_DIR)/Pods-MiseUITests-checkManifestLockResult.txt",
			);
			runOnlyForDeploymentPostprocessing = 0;
			shellPath = /bin/sh;
			shellScript = "diff \"${PODS_PODFILE_DIR_PATH}/Podfile.lock\" \"${PODS_ROOT}/Manifest.lock\" > /dev/null\nif [ $? != 0 ] ; then\n    # print error to STDERR\n    echo \"error: The sandbox is not in sync with the Podfile.lock. Run 'pod install' or update your CocoaPods installation.\" >&2\n    exit 1\nfi\n# This output is used by Xcode 'outputs' to avoid re-running this script phase.\necho \"SUCCESS\" > \"${SCRIPT_OUTPUT_FILE_0}\"\n";
			showEnvVarsInLog = 0;
		};
		B3E566D778BB0BF1C905172F /* [CP] Embed Pods Frameworks */ = {
			isa = PBXShellScriptBuildPhase;
			buildActionMask = 2147483647;
			files = (
			);
			inputPaths = (
				"${PODS_ROOT}/Target Support Files/Pods-Mise/Pods-Mise-frameworks.sh",
				"${BUILT_PRODUCTS_DIR}/Alamofire/Alamofire.framework",
				"${BUILT_PRODUCTS_DIR}/AloeStackView/AloeStackView.framework",
				"${BUILT_PRODUCTS_DIR}/GoogleUtilities/GoogleUtilities.framework",
				"${BUILT_PRODUCTS_DIR}/Hero/Hero.framework",
				"${BUILT_PRODUCTS_DIR}/ObjectMapper/ObjectMapper.framework",
				"${BUILT_PRODUCTS_DIR}/Realm/Realm.framework",
				"${BUILT_PRODUCTS_DIR}/RealmSwift/RealmSwift.framework",
				"${BUILT_PRODUCTS_DIR}/SnapKit/SnapKit.framework",
				"${BUILT_PRODUCTS_DIR}/SwiftyJSON/SwiftyJSON.framework",
				"${BUILT_PRODUCTS_DIR}/nanopb/nanopb.framework",
			);
			name = "[CP] Embed Pods Frameworks";
			outputPaths = (
				"${TARGET_BUILD_DIR}/${FRAMEWORKS_FOLDER_PATH}/Alamofire.framework",
				"${TARGET_BUILD_DIR}/${FRAMEWORKS_FOLDER_PATH}/AloeStackView.framework",
				"${TARGET_BUILD_DIR}/${FRAMEWORKS_FOLDER_PATH}/GoogleUtilities.framework",
				"${TARGET_BUILD_DIR}/${FRAMEWORKS_FOLDER_PATH}/Hero.framework",
				"${TARGET_BUILD_DIR}/${FRAMEWORKS_FOLDER_PATH}/ObjectMapper.framework",
				"${TARGET_BUILD_DIR}/${FRAMEWORKS_FOLDER_PATH}/Realm.framework",
				"${TARGET_BUILD_DIR}/${FRAMEWORKS_FOLDER_PATH}/RealmSwift.framework",
				"${TARGET_BUILD_DIR}/${FRAMEWORKS_FOLDER_PATH}/SnapKit.framework",
				"${TARGET_BUILD_DIR}/${FRAMEWORKS_FOLDER_PATH}/SwiftyJSON.framework",
				"${TARGET_BUILD_DIR}/${FRAMEWORKS_FOLDER_PATH}/nanopb.framework",
			);
			runOnlyForDeploymentPostprocessing = 0;
			shellPath = /bin/sh;
			shellScript = "\"${PODS_ROOT}/Target Support Files/Pods-Mise/Pods-Mise-frameworks.sh\"\n";
			showEnvVarsInLog = 0;
		};
		FBFA721791B3B346D8239956 /* [CP] Check Pods Manifest.lock */ = {
			isa = PBXShellScriptBuildPhase;
			buildActionMask = 2147483647;
			files = (
			);
			inputPaths = (
				"${PODS_PODFILE_DIR_PATH}/Podfile.lock",
				"${PODS_ROOT}/Manifest.lock",
			);
			name = "[CP] Check Pods Manifest.lock";
			outputPaths = (
				"$(DERIVED_FILE_DIR)/Pods-MiseTests-checkManifestLockResult.txt",
			);
			runOnlyForDeploymentPostprocessing = 0;
			shellPath = /bin/sh;
			shellScript = "diff \"${PODS_PODFILE_DIR_PATH}/Podfile.lock\" \"${PODS_ROOT}/Manifest.lock\" > /dev/null\nif [ $? != 0 ] ; then\n    # print error to STDERR\n    echo \"error: The sandbox is not in sync with the Podfile.lock. Run 'pod install' or update your CocoaPods installation.\" >&2\n    exit 1\nfi\n# This output is used by Xcode 'outputs' to avoid re-running this script phase.\necho \"SUCCESS\" > \"${SCRIPT_OUTPUT_FILE_0}\"\n";
			showEnvVarsInLog = 0;
		};
/* End PBXShellScriptBuildPhase section */

/* Begin PBXSourcesBuildPhase section */
		23BBBBB321EDB9AB00B64B7B /* Sources */ = {
			isa = PBXSourcesBuildPhase;
			buildActionMask = 2147483647;
			files = (
				23BBBBF521EDE04200B64B7B /* InfoView.swift in Sources */,
				23BBBBE921EDBB8C00B64B7B /* CustomAPI.swift in Sources */,
				23BBBBEF21EDD08100B64B7B /* UIView_extension.swift in Sources */,
				23BBBBF321EDDE1900B64B7B /* BaseVerticalScrollView.swift in Sources */,
				23BBBBF121EDDE0F00B64B7B /* LeftPaddedTextField.swift in Sources */,
				23BBBBEB21EDBEA600B64B7B /* WeatherData.swift in Sources */,
				23BBBBBB21EDB9AB00B64B7B /* AppDelegate.swift in Sources */,
				23BBBBED21EDC0A700B64B7B /* MainViewController.swift in Sources */,
			);
			runOnlyForDeploymentPostprocessing = 0;
		};
		23BBBBC721EDB9AD00B64B7B /* Sources */ = {
			isa = PBXSourcesBuildPhase;
			buildActionMask = 2147483647;
			files = (
				23BBBBD021EDB9AD00B64B7B /* MiseTests.swift in Sources */,
			);
			runOnlyForDeploymentPostprocessing = 0;
		};
		23BBBBD221EDB9AD00B64B7B /* Sources */ = {
			isa = PBXSourcesBuildPhase;
			buildActionMask = 2147483647;
			files = (
				23BBBBDB21EDB9AD00B64B7B /* MiseUITests.swift in Sources */,
			);
			runOnlyForDeploymentPostprocessing = 0;
		};
/* End PBXSourcesBuildPhase section */

/* Begin PBXTargetDependency section */
		23BBBBCD21EDB9AD00B64B7B /* PBXTargetDependency */ = {
			isa = PBXTargetDependency;
			target = 23BBBBB621EDB9AB00B64B7B /* Mise */;
			targetProxy = 23BBBBCC21EDB9AD00B64B7B /* PBXContainerItemProxy */;
		};
		23BBBBD821EDB9AD00B64B7B /* PBXTargetDependency */ = {
			isa = PBXTargetDependency;
			target = 23BBBBB621EDB9AB00B64B7B /* Mise */;
			targetProxy = 23BBBBD721EDB9AD00B64B7B /* PBXContainerItemProxy */;
		};
/* End PBXTargetDependency section */

/* Begin PBXVariantGroup section */
		23BBBBBE21EDB9AB00B64B7B /* Main.storyboard */ = {
			isa = PBXVariantGroup;
			children = (
				23BBBBBF21EDB9AB00B64B7B /* Base */,
			);
			name = Main.storyboard;
			sourceTree = "<group>";
		};
		23BBBBC321EDB9AD00B64B7B /* LaunchScreen.storyboard */ = {
			isa = PBXVariantGroup;
			children = (
				23BBBBC421EDB9AD00B64B7B /* Base */,
			);
			name = LaunchScreen.storyboard;
			sourceTree = "<group>";
		};
/* End PBXVariantGroup section */

/* Begin XCBuildConfiguration section */
		23BBBBDD21EDB9AD00B64B7B /* Debug */ = {
			isa = XCBuildConfiguration;
			buildSettings = {
				ALWAYS_SEARCH_USER_PATHS = NO;
				CLANG_ANALYZER_NONNULL = YES;
				CLANG_ANALYZER_NUMBER_OBJECT_CONVERSION = YES_AGGRESSIVE;
				CLANG_CXX_LANGUAGE_STANDARD = "gnu++14";
				CLANG_CXX_LIBRARY = "libc++";
				CLANG_ENABLE_MODULES = YES;
				CLANG_ENABLE_OBJC_ARC = YES;
				CLANG_ENABLE_OBJC_WEAK = YES;
				CLANG_WARN_BLOCK_CAPTURE_AUTORELEASING = YES;
				CLANG_WARN_BOOL_CONVERSION = YES;
				CLANG_WARN_COMMA = YES;
				CLANG_WARN_CONSTANT_CONVERSION = YES;
				CLANG_WARN_DEPRECATED_OBJC_IMPLEMENTATIONS = YES;
				CLANG_WARN_DIRECT_OBJC_ISA_USAGE = YES_ERROR;
				CLANG_WARN_DOCUMENTATION_COMMENTS = YES;
				CLANG_WARN_EMPTY_BODY = YES;
				CLANG_WARN_ENUM_CONVERSION = YES;
				CLANG_WARN_INFINITE_RECURSION = YES;
				CLANG_WARN_INT_CONVERSION = YES;
				CLANG_WARN_NON_LITERAL_NULL_CONVERSION = YES;
				CLANG_WARN_OBJC_IMPLICIT_RETAIN_SELF = YES;
				CLANG_WARN_OBJC_LITERAL_CONVERSION = YES;
				CLANG_WARN_OBJC_ROOT_CLASS = YES_ERROR;
				CLANG_WARN_RANGE_LOOP_ANALYSIS = YES;
				CLANG_WARN_STRICT_PROTOTYPES = YES;
				CLANG_WARN_SUSPICIOUS_MOVE = YES;
				CLANG_WARN_UNGUARDED_AVAILABILITY = YES_AGGRESSIVE;
				CLANG_WARN_UNREACHABLE_CODE = YES;
				CLANG_WARN__DUPLICATE_METHOD_MATCH = YES;
				CODE_SIGN_IDENTITY = "iPhone Developer";
				COPY_PHASE_STRIP = NO;
				DEBUG_INFORMATION_FORMAT = dwarf;
				ENABLE_STRICT_OBJC_MSGSEND = YES;
				ENABLE_TESTABILITY = YES;
				GCC_C_LANGUAGE_STANDARD = gnu11;
				GCC_DYNAMIC_NO_PIC = NO;
				GCC_NO_COMMON_BLOCKS = YES;
				GCC_OPTIMIZATION_LEVEL = 0;
				GCC_PREPROCESSOR_DEFINITIONS = (
					"DEBUG=1",
					"$(inherited)",
				);
				GCC_WARN_64_TO_32_BIT_CONVERSION = YES;
				GCC_WARN_ABOUT_RETURN_TYPE = YES_ERROR;
				GCC_WARN_UNDECLARED_SELECTOR = YES;
				GCC_WARN_UNINITIALIZED_AUTOS = YES_AGGRESSIVE;
				GCC_WARN_UNUSED_FUNCTION = YES;
				GCC_WARN_UNUSED_VARIABLE = YES;
				IPHONEOS_DEPLOYMENT_TARGET = 12.1;
				MTL_ENABLE_DEBUG_INFO = INCLUDE_SOURCE;
				MTL_FAST_MATH = YES;
				ONLY_ACTIVE_ARCH = YES;
				SDKROOT = iphoneos;
				SWIFT_ACTIVE_COMPILATION_CONDITIONS = DEBUG;
				SWIFT_OPTIMIZATION_LEVEL = "-Onone";
			};
			name = Debug;
		};
		23BBBBDE21EDB9AD00B64B7B /* Release */ = {
			isa = XCBuildConfiguration;
			buildSettings = {
				ALWAYS_SEARCH_USER_PATHS = NO;
				CLANG_ANALYZER_NONNULL = YES;
				CLANG_ANALYZER_NUMBER_OBJECT_CONVERSION = YES_AGGRESSIVE;
				CLANG_CXX_LANGUAGE_STANDARD = "gnu++14";
				CLANG_CXX_LIBRARY = "libc++";
				CLANG_ENABLE_MODULES = YES;
				CLANG_ENABLE_OBJC_ARC = YES;
				CLANG_ENABLE_OBJC_WEAK = YES;
				CLANG_WARN_BLOCK_CAPTURE_AUTORELEASING = YES;
				CLANG_WARN_BOOL_CONVERSION = YES;
				CLANG_WARN_COMMA = YES;
				CLANG_WARN_CONSTANT_CONVERSION = YES;
				CLANG_WARN_DEPRECATED_OBJC_IMPLEMENTATIONS = YES;
				CLANG_WARN_DIRECT_OBJC_ISA_USAGE = YES_ERROR;
				CLANG_WARN_DOCUMENTATION_COMMENTS = YES;
				CLANG_WARN_EMPTY_BODY = YES;
				CLANG_WARN_ENUM_CONVERSION = YES;
				CLANG_WARN_INFINITE_RECURSION = YES;
				CLANG_WARN_INT_CONVERSION = YES;
				CLANG_WARN_NON_LITERAL_NULL_CONVERSION = YES;
				CLANG_WARN_OBJC_IMPLICIT_RETAIN_SELF = YES;
				CLANG_WARN_OBJC_LITERAL_CONVERSION = YES;
				CLANG_WARN_OBJC_ROOT_CLASS = YES_ERROR;
				CLANG_WARN_RANGE_LOOP_ANALYSIS = YES;
				CLANG_WARN_STRICT_PROTOTYPES = YES;
				CLANG_WARN_SUSPICIOUS_MOVE = YES;
				CLANG_WARN_UNGUARDED_AVAILABILITY = YES_AGGRESSIVE;
				CLANG_WARN_UNREACHABLE_CODE = YES;
				CLANG_WARN__DUPLICATE_METHOD_MATCH = YES;
				CODE_SIGN_IDENTITY = "iPhone Developer";
				COPY_PHASE_STRIP = NO;
				DEBUG_INFORMATION_FORMAT = "dwarf-with-dsym";
				ENABLE_NS_ASSERTIONS = NO;
				ENABLE_STRICT_OBJC_MSGSEND = YES;
				GCC_C_LANGUAGE_STANDARD = gnu11;
				GCC_NO_COMMON_BLOCKS = YES;
				GCC_WARN_64_TO_32_BIT_CONVERSION = YES;
				GCC_WARN_ABOUT_RETURN_TYPE = YES_ERROR;
				GCC_WARN_UNDECLARED_SELECTOR = YES;
				GCC_WARN_UNINITIALIZED_AUTOS = YES_AGGRESSIVE;
				GCC_WARN_UNUSED_FUNCTION = YES;
				GCC_WARN_UNUSED_VARIABLE = YES;
				IPHONEOS_DEPLOYMENT_TARGET = 12.1;
				MTL_ENABLE_DEBUG_INFO = NO;
				MTL_FAST_MATH = YES;
				SDKROOT = iphoneos;
				SWIFT_COMPILATION_MODE = wholemodule;
				SWIFT_OPTIMIZATION_LEVEL = "-O";
				VALIDATE_PRODUCT = YES;
			};
			name = Release;
		};
		23BBBBE021EDB9AD00B64B7B /* Debug */ = {
			isa = XCBuildConfiguration;
			baseConfigurationReference = 6C318A6B8E7574D96F46F7A5 /* Pods-Mise.debug.xcconfig */;
			buildSettings = {
				ASSETCATALOG_COMPILER_APPICON_NAME = AppIcon;
				CODE_SIGN_STYLE = Automatic;
				DEVELOPMENT_TEAM = S36JVGF378;
				INFOPLIST_FILE = Mise/Info.plist;
				LD_RUNPATH_SEARCH_PATHS = (
					"$(inherited)",
					"@executable_path/Frameworks",
				);
				PRODUCT_BUNDLE_IDENTIFIER = seongchan.Mise;
				PRODUCT_NAME = "$(TARGET_NAME)";
				SWIFT_VERSION = 4.2;
				TARGETED_DEVICE_FAMILY = "1,2";
			};
			name = Debug;
		};
		23BBBBE121EDB9AD00B64B7B /* Release */ = {
			isa = XCBuildConfiguration;
			baseConfigurationReference = 97BDFADC6167248C32173D50 /* Pods-Mise.release.xcconfig */;
			buildSettings = {
				ASSETCATALOG_COMPILER_APPICON_NAME = AppIcon;
				CODE_SIGN_STYLE = Automatic;
				DEVELOPMENT_TEAM = S36JVGF378;
				INFOPLIST_FILE = Mise/Info.plist;
				LD_RUNPATH_SEARCH_PATHS = (
					"$(inherited)",
					"@executable_path/Frameworks",
				);
				PRODUCT_BUNDLE_IDENTIFIER = seongchan.Mise;
				PRODUCT_NAME = "$(TARGET_NAME)";
				SWIFT_VERSION = 4.2;
				TARGETED_DEVICE_FAMILY = "1,2";
			};
			name = Release;
		};
		23BBBBE321EDB9AD00B64B7B /* Debug */ = {
			isa = XCBuildConfiguration;
			baseConfigurationReference = C10FE8B7CE617772A35CCFEA /* Pods-MiseTests.debug.xcconfig */;
			buildSettings = {
				ALWAYS_EMBED_SWIFT_STANDARD_LIBRARIES = YES;
				BUNDLE_LOADER = "$(TEST_HOST)";
				CODE_SIGN_STYLE = Automatic;
				DEVELOPMENT_TEAM = S36JVGF378;
				INFOPLIST_FILE = MiseTests/Info.plist;
				LD_RUNPATH_SEARCH_PATHS = (
					"$(inherited)",
					"@executable_path/Frameworks",
					"@loader_path/Frameworks",
				);
				PRODUCT_BUNDLE_IDENTIFIER = seongchan.MiseTests;
				PRODUCT_NAME = "$(TARGET_NAME)";
				SWIFT_VERSION = 4.2;
				TARGETED_DEVICE_FAMILY = "1,2";
				TEST_HOST = "$(BUILT_PRODUCTS_DIR)/Mise.app/Mise";
			};
			name = Debug;
		};
		23BBBBE421EDB9AD00B64B7B /* Release */ = {
			isa = XCBuildConfiguration;
			baseConfigurationReference = 9F411BB940480B6F476CE0C8 /* Pods-MiseTests.release.xcconfig */;
			buildSettings = {
				ALWAYS_EMBED_SWIFT_STANDARD_LIBRARIES = YES;
				BUNDLE_LOADER = "$(TEST_HOST)";
				CODE_SIGN_STYLE = Automatic;
				DEVELOPMENT_TEAM = S36JVGF378;
				INFOPLIST_FILE = MiseTests/Info.plist;
				LD_RUNPATH_SEARCH_PATHS = (
					"$(inherited)",
					"@executable_path/Frameworks",
					"@loader_path/Frameworks",
				);
				PRODUCT_BUNDLE_IDENTIFIER = seongchan.MiseTests;
				PRODUCT_NAME = "$(TARGET_NAME)";
				SWIFT_VERSION = 4.2;
				TARGETED_DEVICE_FAMILY = "1,2";
				TEST_HOST = "$(BUILT_PRODUCTS_DIR)/Mise.app/Mise";
			};
			name = Release;
		};
		23BBBBE621EDB9AD00B64B7B /* Debug */ = {
			isa = XCBuildConfiguration;
			baseConfigurationReference = 4AD90BF4664FDA9F25F99389 /* Pods-MiseUITests.debug.xcconfig */;
			buildSettings = {
				ALWAYS_EMBED_SWIFT_STANDARD_LIBRARIES = YES;
				CODE_SIGN_STYLE = Automatic;
				DEVELOPMENT_TEAM = S36JVGF378;
				INFOPLIST_FILE = MiseUITests/Info.plist;
				LD_RUNPATH_SEARCH_PATHS = (
					"$(inherited)",
					"@executable_path/Frameworks",
					"@loader_path/Frameworks",
				);
				PRODUCT_BUNDLE_IDENTIFIER = seongchan.MiseUITests;
				PRODUCT_NAME = "$(TARGET_NAME)";
				SWIFT_VERSION = 4.2;
				TARGETED_DEVICE_FAMILY = "1,2";
				TEST_TARGET_NAME = Mise;
			};
			name = Debug;
		};
		23BBBBE721EDB9AD00B64B7B /* Release */ = {
			isa = XCBuildConfiguration;
			baseConfigurationReference = 6EA4EFA21B32D62ABDFF72FC /* Pods-MiseUITests.release.xcconfig */;
			buildSettings = {
				ALWAYS_EMBED_SWIFT_STANDARD_LIBRARIES = YES;
				CODE_SIGN_STYLE = Automatic;
				DEVELOPMENT_TEAM = S36JVGF378;
				INFOPLIST_FILE = MiseUITests/Info.plist;
				LD_RUNPATH_SEARCH_PATHS = (
					"$(inherited)",
					"@executable_path/Frameworks",
					"@loader_path/Frameworks",
				);
				PRODUCT_BUNDLE_IDENTIFIER = seongchan.MiseUITests;
				PRODUCT_NAME = "$(TARGET_NAME)";
				SWIFT_VERSION = 4.2;
				TARGETED_DEVICE_FAMILY = "1,2";
				TEST_TARGET_NAME = Mise;
			};
			name = Release;
		};
/* End XCBuildConfiguration section */

/* Begin XCConfigurationList section */
		23BBBBB221EDB9AB00B64B7B /* Build configuration list for PBXProject "Mise" */ = {
			isa = XCConfigurationList;
			buildConfigurations = (
				23BBBBDD21EDB9AD00B64B7B /* Debug */,
				23BBBBDE21EDB9AD00B64B7B /* Release */,
			);
			defaultConfigurationIsVisible = 0;
			defaultConfigurationName = Release;
		};
		23BBBBDF21EDB9AD00B64B7B /* Build configuration list for PBXNativeTarget "Mise" */ = {
			isa = XCConfigurationList;
			buildConfigurations = (
				23BBBBE021EDB9AD00B64B7B /* Debug */,
				23BBBBE121EDB9AD00B64B7B /* Release */,
			);
			defaultConfigurationIsVisible = 0;
			defaultConfigurationName = Release;
		};
		23BBBBE221EDB9AD00B64B7B /* Build configuration list for PBXNativeTarget "MiseTests" */ = {
			isa = XCConfigurationList;
			buildConfigurations = (
				23BBBBE321EDB9AD00B64B7B /* Debug */,
				23BBBBE421EDB9AD00B64B7B /* Release */,
			);
			defaultConfigurationIsVisible = 0;
			defaultConfigurationName = Release;
		};
		23BBBBE521EDB9AD00B64B7B /* Build configuration list for PBXNativeTarget "MiseUITests" */ = {
			isa = XCConfigurationList;
			buildConfigurations = (
				23BBBBE621EDB9AD00B64B7B /* Debug */,
				23BBBBE721EDB9AD00B64B7B /* Release */,
			);
			defaultConfigurationIsVisible = 0;
			defaultConfigurationName = Release;
		};
/* End XCConfigurationList section */
	};
	rootObject = 23BBBBAF21EDB9AB00B64B7B /* Project object */;
}
